{
  "lockfileVersion": 1,
  "dependencies": {
    "inferno": {
      "version": "3.2.2",
      "resolved": "https://registry.npmjs.org/inferno/-/inferno-3.2.2.tgz",
      "integrity": "sha1-m1rlS8GNIGrNkchOrmmO9xXrwfo="
    },
    "inferno-component": {
      "version": "3.2.2",
      "resolved": "https://registry.npmjs.org/inferno-component/-/inferno-component-3.2.2.tgz",
      "integrity": "sha1-+r1rVT2Dg3ptkXLEHMskwSPOEKI="
    },
    "inferno-create-class": {
      "version": "3.2.2",
      "resolved": "https://registry.npmjs.org/inferno-create-class/-/inferno-create-class-3.2.2.tgz",
      "integrity": "sha1-JW2vAWiQSxj0B+c4RnFCbqo7JDg="
    },
    "inferno-create-element": {
      "version": "3.2.2",
      "resolved": "https://registry.npmjs.org/inferno-create-element/-/inferno-create-element-3.2.2.tgz",
      "integrity": "sha1-Kpdo9eXqTvDnhPaAPtLCsx5ktZM="
    },
    "inferno-shared": {
      "version": "3.1.1",
      "resolved": "https://registry.npmjs.org/inferno-shared/-/inferno-shared-3.1.1.tgz",
      "integrity": "sha1-cDduKaVsU/a6HpQhkf5ctxBlT3M="
    },
    "inferno-vnode-flags": {
      "version": "3.0.0",
      "resolved": "https://registry.npmjs.org/inferno-vnode-flags/-/inferno-vnode-flags-3.0.0.tgz",
      "integrity": "sha1-85Y5Dz2vrjt27qBNBO7WzyAERzs="
    }
  }
}
